
Microsoft Visual Studio Solution File, Format Version 12.00
# Visual Studio Version 17
VisualStudioVersion = 17.9.34701.34
MinimumVisualStudioVersion = 10.0.40219.1
Project("{888888A0-9F3D-457C-B088-3A5042F75D52}") = "PythonCracker", "PythonCracker.pyproj", "{E3D7D7A5-F5D8-4A0C-98A5-A01944A7CB97}"
EndProject
Global
	GlobalSection(SolutionConfigurationPlatforms) = preSolution
		Debug|Any CPU = Debug|Any CPU
		Release|Any CPU = Release|Any CPU
	EndGlobalSection
	GlobalSection(ProjectConfigurationPlatforms) = postSolution
		{E3D7D7A5-F5D8-4A0C-98A5-A01944A7CB97}.Debug|Any CPU.ActiveCfg = Debug|Any CPU
		{E3D7D7A5-F5D8-4A0C-98A5-A01944A7CB97}.Release|Any CPU.ActiveCfg = Release|Any CPU
	EndGlobalSection
	GlobalSection(SolutionProperties) = preSolution
		HideSolutionNode = FALSE
	EndGlobalSection
	GlobalSection(ExtensibilityGlobals) = postSolution
		SolutionGuid = {A7BB8CC2-ED3C-4A26-B1E6-E7A2241E2859}
	EndGlobalSection
EndGlobal
